// !$*UTF8*$!
{
	archiveVersion = 1;
	classes = {
	};
	objectVersion = 48;
	objects = {

/* Begin PBXBuildFile section */
		F63F91C41FA360C80083A4A8 /* AppDelegate.swift in Sources */ = {isa = PBXBuildFile; fileRef = F63F91C31FA360C80083A4A8 /* AppDelegate.swift */; };
		F63F91C61FA360C80083A4A8 /* LoginViewController.swift in Sources */ = {isa = PBXBuildFile; fileRef = F63F91C51FA360C80083A4A8 /* LoginViewController.swift */; };
		F63F91C91FA360C80083A4A8 /* Main.storyboard in Resources */ = {isa = PBXBuildFile; fileRef = F63F91C71FA360C80083A4A8 /* Main.storyboard */; };
		F63F91CB1FA360C80083A4A8 /* Assets.xcassets in Resources */ = {isa = PBXBuildFile; fileRef = F63F91CA1FA360C80083A4A8 /* Assets.xcassets */; };
		F63F91CE1FA360C80083A4A8 /* LaunchScreen.storyboard in Resources */ = {isa = PBXBuildFile; fileRef = F63F91CC1FA360C80083A4A8 /* LaunchScreen.storyboard */; };
/* End PBXBuildFile section */

/* Begin PBXFileReference section */
		F63F91C01FA360C80083A4A8 /* cellpex.app */ = {isa = PBXFileReference; explicitFileType = wrapper.application; includeInIndex = 0; path = cellpex.app; sourceTree = BUILT_PRODUCTS_DIR; };
		F63F91C31FA360C80083A4A8 /* AppDelegate.swift */ = {isa = PBXFileReference; lastKnownFileType = sourcecode.swift; path = AppDelegate.swift; sourceTree = "<group>"; };
		F63F91C51FA360C80083A4A8 /* LoginViewController.swift */ = {isa = PBXFileReference; lastKnownFileType = sourcecode.swift; path = LoginViewController.swift; sourceTree = "<group>"; };
		F63F91C81FA360C80083A4A8 /* Base */ = {isa = PBXFileReference; lastKnownFileType = file.storyboard; name = Base; path = Base.lproj/Main.storyboard; sourceTree = "<group>"; };
		F63F91CA1FA360C80083A4A8 /* Assets.xcassets */ = {isa = PBXFileReference; lastKnownFileType = folder.assetcatalog; path = Assets.xcassets; sourceTree = "<group>"; };
		F63F91CD1FA360C80083A4A8 /* Base */ = {isa = PBXFileReference; lastKnownFileType = file.storyboard; name = Base; path = Base.lproj/LaunchScreen.storyboard; sourceTree = "<group>"; };
		F63F91CF1FA360C80083A4A8 /* Info.plist */ = {isa = PBXFileReference; lastKnownFileType = text.plist.xml; path = Info.plist; sourceTree = "<group>"; };
/* End PBXFileReference section */

/* Begin PBXFrameworksBuildPhase section */
		F63F91BD1FA360C80083A4A8 /* Frameworks */ = {
			isa = PBXFrameworksBuildPhase;
			buildActionMask = 2147483647;
			files = (
			);
			runOnlyForDeploymentPostprocessing = 0;
		};
/* End PBXFrameworksBuildPhase section */

/* Begin PBXGroup section */
		F63F91B71FA360C80083A4A8 = {
			isa = PBXGroup;
			children = (
				F63F91C21FA360C80083A4A8 /* cellpex */,
				F63F91C11FA360C80083A4A8 /* Products */,
			);
			sourceTree = "<group>";
		};
		F63F91C11FA360C80083A4A8 /* Products */ = {
			isa = PBXGroup;
			children = (
				F63F91C01FA360C80083A4A8 /* cellpex.app */,
			);
			name = Products;
			sourceTree = "<group>";
		};
		F63F91C21FA360C80083A4A8 /* cellpex */ = {
			isa = PBXGroup;
			children = (
				F63F91C31FA360C80083A4A8 /* AppDelegate.swift */,
				F63F91C51FA360C80083A4A8 /* LoginViewController.swift */,
				F63F91C71FA360C80083A4A8 /* Main.storyboard */,
				F63F91CA1FA360C80083A4A8 /* Assets.xcassets */,
				F63F91CC1FA360C80083A4A8 /* LaunchScreen.storyboard */,
				F63F91CF1FA360C80083A4A8 /* Info.plist */,
			);
			path = cellpex;
			sourceTree = "<group>";
		};
/* End PBXGroup section */

/* Begin PBXNativeTarget section */
		F63F91BF1FA360C80083A4A8 /* cellpex */ = {
			isa = PBXNativeTarget;
			buildConfigurationList = F63F91D21FA360C80083A4A8 /* Build configuration list for PBXNativeTarget "cellpex" */;
			buildPhases = (
				F63F91BC1FA360C80083A4A8 /* Sources */,
				F63F91BD1FA360C80083A4A8 /* Frameworks */,
				F63F91BE1FA360C80083A4A8 /* Resources */,
			);
			buildRules = (
			);
			dependencies = (
			);
			name = cellpex;
			productName = cellpex;
			productReference = F63F91C01FA360C80083A4A8 /* cellpex.app */;
			productType = "com.apple.product-type.application";
		};
/* End PBXNativeTarget section */

/* Begin PBXProject section */
		F63F91B81FA360C80083A4A8 /* Project object */ = {
			isa = PBXProject;
			attributes = {
				LastSwiftUpdateCheck = 0900;
				LastUpgradeCheck = 0900;
				ORGANIZATIONNAME = "Ciprian Iloc";
				TargetAttributes = {
					F63F91BF1FA360C80083A4A8 = {
						CreatedOnToolsVersion = 9.0.1;
						ProvisioningStyle = Automatic;
					};
				};
			};
			buildConfigurationList = F63F91BB1FA360C80083A4A8 /* Build configuration list for PBXProject "cellpex" */;
			compatibilityVersion = "Xcode 8.0";
			developmentRegion = en;
			hasScannedForEncodings = 0;
			knownRegions = (
				en,
				Base,
			);
			mainGroup = F63F91B71FA360C80083A4A8;
			productRefGroup = F63F91C11FA360C80083A4A8 /* Products */;
			projectDirPath = "";
			projectRoot = "";
			targets = (
				F63F91BF1FA360C80083A4A8 /* cellpex */,
			);
		};
/* End PBXProject section */

/* Begin PBXResourcesBuildPhase section */
		F63F91BE1FA360C80083A4A8 /* Resources */ = {
			isa = PBXResourcesBuildPhase;
			buildActionMask = 2147483647;
			files = (
				F63F91CE1FA360C80083A4A8 /* LaunchScreen.storyboard in Resources */,
				F63F91CB1FA360C80083A4A8 /* Assets.xcassets in Resources */,
				F63F91C91FA360C80083A4A8 /* Main.storyboard in Resources */,
			);
			runOnlyForDeploymentPostprocessing = 0;
		};
/* End PBXResourcesBuildPhase section */

/* Begin PBXSourcesBuildPhase section */
		F63F91BC1FA360C80083A4A8 /* Sources */ = {
			isa = PBXSourcesBuildPhase;
			buildActionMask = 2147483647;
			files = (
				F63F91C61FA360C80083A4A8 /* LoginViewController.swift in Sources */,
				F63F91C41FA360C80083A4A8 /* AppDelegate.swift in Sources */,
			);
			runOnlyForDeploymentPostprocessing = 0;
		};
/* End PBXSourcesBuildPhase section */

/* Begin PBXVariantGroup section */
		F63F91C71FA360C80083A4A8 /* Main.storyboard */ = {
			isa = PBXVariantGroup;
			children = (
				F63F91C81FA360C80083A4A8 /* Base */,
			);
			name = Main.storyboard;
			sourceTree = "<group>";
		};
		F63F91CC1FA360C80083A4A8 /* LaunchScreen.storyboard */ = {
			isa = PBXVariantGroup;
			children = (
				F63F91CD1FA360C80083A4A8 /* Base */,
			);
			name = LaunchScreen.storyboard;
			sourceTree = "<group>";
		};
/* End PBXVariantGroup section */

/* Begin XCBuildConfiguration section */
		F63F91D01FA360C80083A4A8 /* Debug */ = {
			isa = XCBuildConfiguration;
			buildSettings = {
				ALWAYS_SEARCH_USER_PATHS = NO;
				CLANG_ANALYZER_NONNULL = YES;
				CLANG_ANALYZER_NUMBER_OBJECT_CONVERSION = YES_AGGRESSIVE;
				CLANG_CXX_LANGUAGE_STANDARD = "gnu++14";
				CLANG_CXX_LIBRARY = "libc++";
				CLANG_ENABLE_MODULES = YES;
				CLANG_ENABLE_OBJC_ARC = YES;
				CLANG_WARN_BLOCK_CAPTURE_AUTORELEASING = YES;
				CLANG_WARN_BOOL_CONVERSION = YES;
				CLANG_WARN_COMMA = YES;
				CLANG_WARN_CONSTANT_CONVERSION = YES;
				CLANG_WARN_DIRECT_OBJC_ISA_USAGE = YES_ERROR;
				CLANG_WARN_DOCUMENTATION_COMMENTS = YES;
				CLANG_WARN_EMPTY_BODY = YES;
				CLANG_WARN_ENUM_CONVERSION = YES;
				CLANG_WARN_INFINITE_RECURSION = YES;
				CLANG_WARN_INT_CONVERSION = YES;
				CLANG_WARN_NON_LITERAL_NULL_CONVERSION = YES;
				CLANG_WARN_OBJC_LITERAL_CONVERSION = YES;
				CLANG_WARN_OBJC_ROOT_CLASS = YES_ERROR;
				CLANG_WARN_RANGE_LOOP_ANALYSIS = YES;
				CLANG_WARN_STRICT_PROTOTYPES = YES;
				CLANG_WARN_SUSPICIOUS_MOVE = YES;
				CLANG_WARN_UNGUARDED_AVAILABILITY = YES_AGGRESSIVE;
				CLANG_WARN_UNREACHABLE_CODE = YES;
				CLANG_WARN__DUPLICATE_METHOD_MATCH = YES;
				CODE_SIGN_IDENTITY = "iPhone Developer";
				COPY_PHASE_STRIP = NO;
				DEBUG_INFORMATION_FORMAT = dwarf;
				ENABLE_STRICT_OBJC_MSGSEND = YES;
				ENABLE_TESTABILITY = YES;
				GCC_C_LANGUAGE_STANDARD = gnu11;
				GCC_DYNAMIC_NO_PIC = NO;
				GCC_NO_COMMON_BLOCKS = YES;
				GCC_OPTIMIZATION_LEVEL = 0;
				GCC_PREPROCESSOR_DEFINITIONS = (
					"DEBUG=1",
					"$(inherited)",
				);
				GCC_WARN_64_TO_32_BIT_CONVERSION = YES;
				GCC_WARN_ABOUT_RETURN_TYPE = YES_ERROR;
				GCC_WARN_UNDECLARED_SELECTOR = YES;
				GCC_WARN_UNINITIALIZED_AUTOS = YES_AGGRESSIVE;
				GCC_WARN_UNUSED_FUNCTION = YES;
				GCC_WARN_UNUSED_VARIABLE = YES;
				IPHONEOS_DEPLOYMENT_TARGET = 11.0;
				MTL_ENABLE_DEBUG_INFO = YES;
				ONLY_ACTIVE_ARCH = YES;
				SDKROOT = iphoneos;
				SWIFT_ACTIVE_COMPILATION_CONDITIONS = DEBUG;
				SWIFT_OPTIMIZATION_LEVEL = "-Onone";
			};
			name = Debug;
		};
		F63F91D11FA360C80083A4A8 /* Release */ = {
			isa = XCBuildConfiguration;
			buildSettings = {
				ALWAYS_SEARCH_USER_PATHS = NO;
				CLANG_ANALYZER_NONNULL = YES;
				CLANG_ANALYZER_NUMBER_OBJECT_CONVERSION = YES_AGGRESSIVE;
				CLANG_CXX_LANGUAGE_STANDARD = "gnu++14";
				CLANG_CXX_LIBRARY = "libc++";
				CLANG_ENABLE_MODULES = YES;
				CLANG_ENABLE_OBJC_ARC = YES;
				CLANG_WARN_BLOCK_CAPTURE_AUTORELEASING = YES;
				CLANG_WARN_BOOL_CONVERSION = YES;
				CLANG_WARN_COMMA = YES;
				CLANG_WARN_CONSTANT_CONVERSION = YES;
				CLANG_WARN_DIRECT_OBJC_ISA_USAGE = YES_ERROR;
				CLANG_WARN_DOCUMENTATION_COMMENTS = YES;
				CLANG_WARN_EMPTY_BODY = YES;
				CLANG_WARN_ENUM_CONVERSION = YES;
				CLANG_WARN_INFINITE_RECURSION = YES;
				CLANG_WARN_INT_CONVERSION = YES;
				CLANG_WARN_NON_LITERAL_NULL_CONVERSION = YES;
				CLANG_WARN_OBJC_LITERAL_CONVERSION = YES;
				CLANG_WARN_OBJC_ROOT_CLASS = YES_ERROR;
				CLANG_WARN_RANGE_LOOP_ANALYSIS = YES;
				CLANG_WARN_STRICT_PROTOTYPES = YES;
				CLANG_WARN_SUSPICIOUS_MOVE = YES;
				CLANG_WARN_UNGUARDED_AVAILABILITY = YES_AGGRESSIVE;
				CLANG_WARN_UNREACHABLE_CODE = YES;
				CLANG_WARN__DUPLICATE_METHOD_MATCH = YES;
				CODE_SIGN_IDENTITY = "iPhone Developer";
				COPY_PHASE_STRIP = NO;
				DEBUG_INFORMATION_FORMAT = "dwarf-with-dsym";
				ENABLE_NS_ASSERTIONS = NO;
				ENABLE_STRICT_OBJC_MSGSEND = YES;
				GCC_C_LANGUAGE_STANDARD = gnu11;
				GCC_NO_COMMON_BLOCKS = YES;
				GCC_WARN_64_TO_32_BIT_CONVERSION = YES;
				GCC_WARN_ABOUT_RETURN_TYPE = YES_ERROR;
				GCC_WARN_UNDECLARED_SELECTOR = YES;
				GCC_WARN_UNINITIALIZED_AUTOS = YES_AGGRESSIVE;
				GCC_WARN_UNUSED_FUNCTION = YES;
				GCC_WARN_UNUSED_VARIABLE = YES;
				IPHONEOS_DEPLOYMENT_TARGET = 11.0;
				MTL_ENABLE_DEBUG_INFO = NO;
				SDKROOT = iphoneos;
				SWIFT_OPTIMIZATION_LEVEL = "-Owholemodule";
				VALIDATE_PRODUCT = YES;
			};
			name = Release;
		};
		F63F91D31FA360C80083A4A8 /* Debug */ = {
			isa = XCBuildConfiguration;
			buildSettings = {
				ASSETCATALOG_COMPILER_APPICON_NAME = AppIcon;
				CODE_SIGN_STYLE = Automatic;
				INFOPLIST_FILE = cellpex/Info.plist;
				LD_RUNPATH_SEARCH_PATHS = "$(inherited) @executable_path/Frameworks";
				PRODUCT_BUNDLE_IDENTIFIER = com.cellpex.cellpex.cellpex;
				PRODUCT_NAME = "$(TARGET_NAME)";
				SWIFT_VERSION = 4.0;
				TARGETED_DEVICE_FAMILY = "1,2";
			};
			name = Debug;
		};
		F63F91D41FA360C80083A4A8 /* Release */ = {
			isa = XCBuildConfiguration;
			buildSettings = {
				ASSETCATALOG_COMPILER_APPICON_NAME = AppIcon;
				CODE_SIGN_STYLE = Automatic;
				INFOPLIST_FILE = cellpex/Info.plist;
				LD_RUNPATH_SEARCH_PATHS = "$(inherited) @executable_path/Frameworks";
				PRODUCT_BUNDLE_IDENTIFIER = com.cellpex.cellpex.cellpex;
				PRODUCT_NAME = "$(TARGET_NAME)";
				SWIFT_VERSION = 4.0;
				TARGETED_DEVICE_FAMILY = "1,2";
			};
			name = Release;
		};
/* End XCBuildConfiguration section */

/* Begin XCConfigurationList section */
		F63F91BB1FA360C80083A4A8 /* Build configuration list for PBXProject "cellpex" */ = {
			isa = XCConfigurationList;
			buildConfigurations = (
				F63F91D01FA360C80083A4A8 /* Debug */,
				F63F91D11FA360C80083A4A8 /* Release */,
			);
			defaultConfigurationIsVisible = 0;
			defaultConfigurationName = Release;
		};
		F63F91D21FA360C80083A4A8 /* Build configuration list for PBXNativeTarget "cellpex" */ = {
			isa = XCConfigurationList;
			buildConfigurations = (
				F63F91D31FA360C80083A4A8 /* Debug */,
				F63F91D41FA360C80083A4A8 /* Release */,
			);
			defaultConfigurationIsVisible = 0;
			defaultConfigurationName = Release;
		};
/* End XCConfigurationList section */
	};
	rootObject = F63F91B81FA360C80083A4A8 /* Project object */;
}
