// !$*UTF8*$!
{
	archiveVersion = 1;
	classes = {
	};
	objectVersion = 48;
	objects = {

/* Begin PBXBuildFile section */
		D70173C2750488ADCC4CB290 /* Pods_cellpex.framework in Frameworks */ = {isa = PBXBuildFile; fileRef = B02D959E466398F5EF7834E2 /* Pods_cellpex.framework */; };
		F622CA451FBDC447008920BC /* ProductsManager.swift in Sources */ = {isa = PBXBuildFile; fileRef = F622CA441FBDC447008920BC /* ProductsManager.swift */; };
		F6272DF41FBC814A007F0B22 /* ProductDetailsModel.swift in Sources */ = {isa = PBXBuildFile; fileRef = F6272DF31FBC814A007F0B22 /* ProductDetailsModel.swift */; };
		F634100B1FA8F83800D46222 /* RefreshFooterView.xib in Resources */ = {isa = PBXBuildFile; fileRef = F63410091FA8F83800D46222 /* RefreshFooterView.xib */; };
		F634100C1FA8F83800D46222 /* RefreshFooterView.swift in Sources */ = {isa = PBXBuildFile; fileRef = F634100A1FA8F83800D46222 /* RefreshFooterView.swift */; };
		F634100F1FA9030900D46222 /* Constants.swift in Sources */ = {isa = PBXBuildFile; fileRef = F634100E1FA9030900D46222 /* Constants.swift */; };
		F63410111FA9135B00D46222 /* PaddedTextField.swift in Sources */ = {isa = PBXBuildFile; fileRef = F63410101FA9135B00D46222 /* PaddedTextField.swift */; };
		F63410131FAA54BF00D46222 /* MessageViewController.swift in Sources */ = {isa = PBXBuildFile; fileRef = F63410121FAA54BF00D46222 /* MessageViewController.swift */; };
		F636A18A1FA76B4200DCDCFA /* ProductDetailsViewController.swift in Sources */ = {isa = PBXBuildFile; fileRef = F636A1891FA76B4200DCDCFA /* ProductDetailsViewController.swift */; };
		F636A18F1FA7778900DCDCFA /* LeftMenuModel.swift in Sources */ = {isa = PBXBuildFile; fileRef = F636A18E1FA7778900DCDCFA /* LeftMenuModel.swift */; };
		F63F91C41FA360C80083A4A8 /* AppDelegate.swift in Sources */ = {isa = PBXBuildFile; fileRef = F63F91C31FA360C80083A4A8 /* AppDelegate.swift */; };
		F63F91C61FA360C80083A4A8 /* LoginViewController.swift in Sources */ = {isa = PBXBuildFile; fileRef = F63F91C51FA360C80083A4A8 /* LoginViewController.swift */; };
		F63F91C91FA360C80083A4A8 /* Main.storyboard in Resources */ = {isa = PBXBuildFile; fileRef = F63F91C71FA360C80083A4A8 /* Main.storyboard */; };
		F63F91CB1FA360C80083A4A8 /* Assets.xcassets in Resources */ = {isa = PBXBuildFile; fileRef = F63F91CA1FA360C80083A4A8 /* Assets.xcassets */; };
		F63F91CE1FA360C80083A4A8 /* LaunchScreen.storyboard in Resources */ = {isa = PBXBuildFile; fileRef = F63F91CC1FA360C80083A4A8 /* LaunchScreen.storyboard */; };
		F658B9A31FBB823A00E92FCD /* UserModel.swift in Sources */ = {isa = PBXBuildFile; fileRef = F658B9A21FBB823A00E92FCD /* UserModel.swift */; };
		F658B9A51FBB8CA800E92FCD /* SessionManager.swift in Sources */ = {isa = PBXBuildFile; fileRef = F658B9A41FBB8CA800E92FCD /* SessionManager.swift */; };
		F6660A051FACC63400116A8F /* NetworkManager.swift in Sources */ = {isa = PBXBuildFile; fileRef = F6660A041FACC63400116A8F /* NetworkManager.swift */; };
		F66D648F1FB326AF0070775F /* MessageModel.swift in Sources */ = {isa = PBXBuildFile; fileRef = F66D648E1FB326AF0070775F /* MessageModel.swift */; };
		F67183751FBC40DA005A053D /* ProductModel.swift in Sources */ = {isa = PBXBuildFile; fileRef = F67183741FBC40DA005A053D /* ProductModel.swift */; };
		F6863C681FA7163200A5F6D2 /* LeftMenuViewController.swift in Sources */ = {isa = PBXBuildFile; fileRef = F6863C671FA7163200A5F6D2 /* LeftMenuViewController.swift */; };
		F6863C6A1FA717AF00A5F6D2 /* SlideMenuController.swift in Sources */ = {isa = PBXBuildFile; fileRef = F6863C691FA717AF00A5F6D2 /* SlideMenuController.swift */; };
		F6863C751FA733A600A5F6D2 /* ExSlideMenuController.swift in Sources */ = {isa = PBXBuildFile; fileRef = F6863C741FA733A600A5F6D2 /* ExSlideMenuController.swift */; };
		F6863C781FA7341700A5F6D2 /* UIApplication.swift in Sources */ = {isa = PBXBuildFile; fileRef = F6863C771FA7341700A5F6D2 /* UIApplication.swift */; };
		F6863C7A1FA752DB00A5F6D2 /* LeftMenuCell.swift in Sources */ = {isa = PBXBuildFile; fileRef = F6863C791FA752DB00A5F6D2 /* LeftMenuCell.swift */; };
		F6863C7E1FA7629600A5F6D2 /* MessagesViewController.swift in Sources */ = {isa = PBXBuildFile; fileRef = F6863C7D1FA7629600A5F6D2 /* MessagesViewController.swift */; };
		F6863C811FA767A500A5F6D2 /* FeedbackViewController.swift in Sources */ = {isa = PBXBuildFile; fileRef = F6863C801FA767A500A5F6D2 /* FeedbackViewController.swift */; };
		F6863C841FA767D900A5F6D2 /* FollowingInventoryViewController.swift in Sources */ = {isa = PBXBuildFile; fileRef = F6863C831FA767D900A5F6D2 /* FollowingInventoryViewController.swift */; };
		F68E615E1FA8B6B70046E5BC /* ListOfProductsViewController.swift in Sources */ = {isa = PBXBuildFile; fileRef = F68E615D1FA8B6B70046E5BC /* ListOfProductsViewController.swift */; };
		F69EECE91FA3B1B200F497F1 /* HomeViewController.swift in Sources */ = {isa = PBXBuildFile; fileRef = F69EECE81FA3B1B200F497F1 /* HomeViewController.swift */; };
		F69EECEB1FA3B1DA00F497F1 /* Home.storyboard in Resources */ = {isa = PBXBuildFile; fileRef = F69EECEA1FA3B1DA00F497F1 /* Home.storyboard */; };
		F69EECED1FA4557700F497F1 /* ProductCollectionViewCell.swift in Sources */ = {isa = PBXBuildFile; fileRef = F69EECEC1FA4557700F497F1 /* ProductCollectionViewCell.swift */; };
		F6FAC25F1FB886A900D9F95B /* ProductDetailsLayout.swift in Sources */ = {isa = PBXBuildFile; fileRef = F6FAC25E1FB886A900D9F95B /* ProductDetailsLayout.swift */; };
/* End PBXBuildFile section */

/* Begin PBXFileReference section */
		5D5CB441E4733E3FD3D3C44C /* Pods-cellpex.debug.xcconfig */ = {isa = PBXFileReference; includeInIndex = 1; lastKnownFileType = text.xcconfig; name = "Pods-cellpex.debug.xcconfig"; path = "Pods/Target Support Files/Pods-cellpex/Pods-cellpex.debug.xcconfig"; sourceTree = "<group>"; };
		9E95EA33004CC2B8BAC80ADA /* Pods-cellpex.release.xcconfig */ = {isa = PBXFileReference; includeInIndex = 1; lastKnownFileType = text.xcconfig; name = "Pods-cellpex.release.xcconfig"; path = "Pods/Target Support Files/Pods-cellpex/Pods-cellpex.release.xcconfig"; sourceTree = "<group>"; };
		B02D959E466398F5EF7834E2 /* Pods_cellpex.framework */ = {isa = PBXFileReference; explicitFileType = wrapper.framework; includeInIndex = 0; path = Pods_cellpex.framework; sourceTree = BUILT_PRODUCTS_DIR; };
		F622CA441FBDC447008920BC /* ProductsManager.swift */ = {isa = PBXFileReference; lastKnownFileType = sourcecode.swift; path = ProductsManager.swift; sourceTree = "<group>"; };
		F6272DF31FBC814A007F0B22 /* ProductDetailsModel.swift */ = {isa = PBXFileReference; lastKnownFileType = sourcecode.swift; path = ProductDetailsModel.swift; sourceTree = "<group>"; };
		F63410091FA8F83800D46222 /* RefreshFooterView.xib */ = {isa = PBXFileReference; fileEncoding = 4; lastKnownFileType = file.xib; path = RefreshFooterView.xib; sourceTree = "<group>"; };
		F634100A1FA8F83800D46222 /* RefreshFooterView.swift */ = {isa = PBXFileReference; fileEncoding = 4; lastKnownFileType = sourcecode.swift; path = RefreshFooterView.swift; sourceTree = "<group>"; };
		F634100E1FA9030900D46222 /* Constants.swift */ = {isa = PBXFileReference; lastKnownFileType = sourcecode.swift; path = Constants.swift; sourceTree = "<group>"; };
		F63410101FA9135B00D46222 /* PaddedTextField.swift */ = {isa = PBXFileReference; lastKnownFileType = sourcecode.swift; path = PaddedTextField.swift; sourceTree = "<group>"; };
		F63410121FAA54BF00D46222 /* MessageViewController.swift */ = {isa = PBXFileReference; lastKnownFileType = sourcecode.swift; path = MessageViewController.swift; sourceTree = "<group>"; };
		F636A1891FA76B4200DCDCFA /* ProductDetailsViewController.swift */ = {isa = PBXFileReference; lastKnownFileType = sourcecode.swift; path = ProductDetailsViewController.swift; sourceTree = "<group>"; };
		F636A18E1FA7778900DCDCFA /* LeftMenuModel.swift */ = {isa = PBXFileReference; lastKnownFileType = sourcecode.swift; path = LeftMenuModel.swift; sourceTree = "<group>"; };
		F63F91C01FA360C80083A4A8 /* cellpex.app */ = {isa = PBXFileReference; explicitFileType = wrapper.application; includeInIndex = 0; path = cellpex.app; sourceTree = BUILT_PRODUCTS_DIR; };
		F63F91C31FA360C80083A4A8 /* AppDelegate.swift */ = {isa = PBXFileReference; lastKnownFileType = sourcecode.swift; path = AppDelegate.swift; sourceTree = "<group>"; };
		F63F91C51FA360C80083A4A8 /* LoginViewController.swift */ = {isa = PBXFileReference; lastKnownFileType = sourcecode.swift; path = LoginViewController.swift; sourceTree = "<group>"; };
		F63F91C81FA360C80083A4A8 /* Base */ = {isa = PBXFileReference; lastKnownFileType = file.storyboard; name = Base; path = Base.lproj/Main.storyboard; sourceTree = "<group>"; };
		F63F91CA1FA360C80083A4A8 /* Assets.xcassets */ = {isa = PBXFileReference; lastKnownFileType = folder.assetcatalog; path = Assets.xcassets; sourceTree = "<group>"; };
		F63F91CD1FA360C80083A4A8 /* Base */ = {isa = PBXFileReference; lastKnownFileType = file.storyboard; name = Base; path = Base.lproj/LaunchScreen.storyboard; sourceTree = "<group>"; };
		F63F91CF1FA360C80083A4A8 /* Info.plist */ = {isa = PBXFileReference; lastKnownFileType = text.plist.xml; path = Info.plist; sourceTree = "<group>"; };
		F658B9A21FBB823A00E92FCD /* UserModel.swift */ = {isa = PBXFileReference; lastKnownFileType = sourcecode.swift; path = UserModel.swift; sourceTree = "<group>"; };
		F658B9A41FBB8CA800E92FCD /* SessionManager.swift */ = {isa = PBXFileReference; lastKnownFileType = sourcecode.swift; path = SessionManager.swift; sourceTree = "<group>"; };
		F6660A041FACC63400116A8F /* NetworkManager.swift */ = {isa = PBXFileReference; lastKnownFileType = sourcecode.swift; path = NetworkManager.swift; sourceTree = "<group>"; };
		F66D648E1FB326AF0070775F /* MessageModel.swift */ = {isa = PBXFileReference; lastKnownFileType = sourcecode.swift; path = MessageModel.swift; sourceTree = "<group>"; };
		F67183741FBC40DA005A053D /* ProductModel.swift */ = {isa = PBXFileReference; lastKnownFileType = sourcecode.swift; path = ProductModel.swift; sourceTree = "<group>"; };
		F6863C671FA7163200A5F6D2 /* LeftMenuViewController.swift */ = {isa = PBXFileReference; lastKnownFileType = sourcecode.swift; path = LeftMenuViewController.swift; sourceTree = "<group>"; };
		F6863C691FA717AF00A5F6D2 /* SlideMenuController.swift */ = {isa = PBXFileReference; fileEncoding = 4; lastKnownFileType = sourcecode.swift; path = SlideMenuController.swift; sourceTree = "<group>"; };
		F6863C741FA733A600A5F6D2 /* ExSlideMenuController.swift */ = {isa = PBXFileReference; fileEncoding = 4; lastKnownFileType = sourcecode.swift; path = ExSlideMenuController.swift; sourceTree = "<group>"; };
		F6863C771FA7341700A5F6D2 /* UIApplication.swift */ = {isa = PBXFileReference; fileEncoding = 4; lastKnownFileType = sourcecode.swift; path = UIApplication.swift; sourceTree = "<group>"; };
		F6863C791FA752DB00A5F6D2 /* LeftMenuCell.swift */ = {isa = PBXFileReference; lastKnownFileType = sourcecode.swift; path = LeftMenuCell.swift; sourceTree = "<group>"; };
		F6863C7D1FA7629600A5F6D2 /* MessagesViewController.swift */ = {isa = PBXFileReference; lastKnownFileType = sourcecode.swift; path = MessagesViewController.swift; sourceTree = "<group>"; };
		F6863C801FA767A500A5F6D2 /* FeedbackViewController.swift */ = {isa = PBXFileReference; lastKnownFileType = sourcecode.swift; path = FeedbackViewController.swift; sourceTree = "<group>"; };
		F6863C831FA767D900A5F6D2 /* FollowingInventoryViewController.swift */ = {isa = PBXFileReference; lastKnownFileType = sourcecode.swift; path = FollowingInventoryViewController.swift; sourceTree = "<group>"; };
		F68E615D1FA8B6B70046E5BC /* ListOfProductsViewController.swift */ = {isa = PBXFileReference; lastKnownFileType = sourcecode.swift; path = ListOfProductsViewController.swift; sourceTree = "<group>"; };
		F69EECE81FA3B1B200F497F1 /* HomeViewController.swift */ = {isa = PBXFileReference; lastKnownFileType = sourcecode.swift; path = HomeViewController.swift; sourceTree = "<group>"; };
		F69EECEA1FA3B1DA00F497F1 /* Home.storyboard */ = {isa = PBXFileReference; lastKnownFileType = file.storyboard; path = Home.storyboard; sourceTree = "<group>"; };
		F69EECEC1FA4557700F497F1 /* ProductCollectionViewCell.swift */ = {isa = PBXFileReference; lastKnownFileType = sourcecode.swift; path = ProductCollectionViewCell.swift; sourceTree = "<group>"; };
		F6FAC25E1FB886A900D9F95B /* ProductDetailsLayout.swift */ = {isa = PBXFileReference; lastKnownFileType = sourcecode.swift; path = ProductDetailsLayout.swift; sourceTree = "<group>"; };
/* End PBXFileReference section */

/* Begin PBXFrameworksBuildPhase section */
		F63F91BD1FA360C80083A4A8 /* Frameworks */ = {
			isa = PBXFrameworksBuildPhase;
			buildActionMask = 2147483647;
			files = (
				D70173C2750488ADCC4CB290 /* Pods_cellpex.framework in Frameworks */,
			);
			runOnlyForDeploymentPostprocessing = 0;
		};
/* End PBXFrameworksBuildPhase section */

/* Begin PBXGroup section */
		1D5171B5AC269A8DA9E4258C /* Pods */ = {
			isa = PBXGroup;
			children = (
				5D5CB441E4733E3FD3D3C44C /* Pods-cellpex.debug.xcconfig */,
				9E95EA33004CC2B8BAC80ADA /* Pods-cellpex.release.xcconfig */,
			);
			name = Pods;
			sourceTree = "<group>";
		};
		2D95BADABD15BB185DAF3547 /* Frameworks */ = {
			isa = PBXGroup;
			children = (
				B02D959E466398F5EF7834E2 /* Pods_cellpex.framework */,
			);
			name = Frameworks;
			sourceTree = "<group>";
		};
		F63410071FA8F7B800D46222 /* SlideMenu */ = {
			isa = PBXGroup;
			children = (
				F6863C741FA733A600A5F6D2 /* ExSlideMenuController.swift */,
				F6863C691FA717AF00A5F6D2 /* SlideMenuController.swift */,
				F6863C671FA7163200A5F6D2 /* LeftMenuViewController.swift */,
				F6863C791FA752DB00A5F6D2 /* LeftMenuCell.swift */,
				F636A18E1FA7778900DCDCFA /* LeftMenuModel.swift */,
			);
			path = SlideMenu;
			sourceTree = "<group>";
		};
		F634100D1FA902EA00D46222 /* Utiles */ = {
			isa = PBXGroup;
			children = (
				F634100E1FA9030900D46222 /* Constants.swift */,
				F63410101FA9135B00D46222 /* PaddedTextField.swift */,
			);
			path = Utiles;
			sourceTree = "<group>";
		};
		F636A1881FA76B2A00DCDCFA /* ProductDetails */ = {
			isa = PBXGroup;
			children = (
				F636A1891FA76B4200DCDCFA /* ProductDetailsViewController.swift */,
				F6FAC25E1FB886A900D9F95B /* ProductDetailsLayout.swift */,
			);
			path = ProductDetails;
			sourceTree = "<group>";
		};
		F63F91B71FA360C80083A4A8 = {
			isa = PBXGroup;
			children = (
				F63F91C21FA360C80083A4A8 /* cellpex */,
				F63F91C11FA360C80083A4A8 /* Products */,
				1D5171B5AC269A8DA9E4258C /* Pods */,
				2D95BADABD15BB185DAF3547 /* Frameworks */,
			);
			sourceTree = "<group>";
		};
		F63F91C11FA360C80083A4A8 /* Products */ = {
			isa = PBXGroup;
			children = (
				F63F91C01FA360C80083A4A8 /* cellpex.app */,
			);
			name = Products;
			sourceTree = "<group>";
		};
		F63F91C21FA360C80083A4A8 /* cellpex */ = {
			isa = PBXGroup;
			children = (
				F6660A031FACC60C00116A8F /* core */,
				F634100D1FA902EA00D46222 /* Utiles */,
				F6863C761FA7341700A5F6D2 /* Extensions */,
				F69EECE51FA3B18700F497F1 /* UI */,
				F63F91C31FA360C80083A4A8 /* AppDelegate.swift */,
				F63F91CA1FA360C80083A4A8 /* Assets.xcassets */,
				F63F91CF1FA360C80083A4A8 /* Info.plist */,
				F63F91C71FA360C80083A4A8 /* Main.storyboard */,
				F69EECEA1FA3B1DA00F497F1 /* Home.storyboard */,
				F63F91CC1FA360C80083A4A8 /* LaunchScreen.storyboard */,
			);
			path = cellpex;
			sourceTree = "<group>";
		};
		F658B9A11FBB820A00E92FCD /* JsonModels */ = {
			isa = PBXGroup;
			children = (
				F658B9A21FBB823A00E92FCD /* UserModel.swift */,
				F67183741FBC40DA005A053D /* ProductModel.swift */,
				F6272DF31FBC814A007F0B22 /* ProductDetailsModel.swift */,
			);
			path = JsonModels;
			sourceTree = "<group>";
		};
		F6660A031FACC60C00116A8F /* core */ = {
			isa = PBXGroup;
			children = (
				F658B9A11FBB820A00E92FCD /* JsonModels */,
				F6660A041FACC63400116A8F /* NetworkManager.swift */,
				F658B9A41FBB8CA800E92FCD /* SessionManager.swift */,
			);
			path = core;
			sourceTree = "<group>";
		};
		F6863C761FA7341700A5F6D2 /* Extensions */ = {
			isa = PBXGroup;
			children = (
				F6863C771FA7341700A5F6D2 /* UIApplication.swift */,
			);
			path = Extensions;
			sourceTree = "<group>";
		};
		F6863C7C1FA7628100A5F6D2 /* Messages */ = {
			isa = PBXGroup;
			children = (
				F6863C7D1FA7629600A5F6D2 /* MessagesViewController.swift */,
				F63410121FAA54BF00D46222 /* MessageViewController.swift */,
				F66D648E1FB326AF0070775F /* MessageModel.swift */,
			);
			path = Messages;
			sourceTree = "<group>";
		};
		F6863C7F1FA7678500A5F6D2 /* Feedback */ = {
			isa = PBXGroup;
			children = (
				F6863C801FA767A500A5F6D2 /* FeedbackViewController.swift */,
			);
			path = Feedback;
			sourceTree = "<group>";
		};
		F6863C821FA767CB00A5F6D2 /* Following Inventory */ = {
			isa = PBXGroup;
			children = (
				F6863C831FA767D900A5F6D2 /* FollowingInventoryViewController.swift */,
			);
			path = "Following Inventory";
			sourceTree = "<group>";
		};
		F68E615C1FA8B69C0046E5BC /* CollectionViewBase */ = {
			isa = PBXGroup;
			children = (
				F634100A1FA8F83800D46222 /* RefreshFooterView.swift */,
				F63410091FA8F83800D46222 /* RefreshFooterView.xib */,
				F69EECEC1FA4557700F497F1 /* ProductCollectionViewCell.swift */,
				F68E615D1FA8B6B70046E5BC /* ListOfProductsViewController.swift */,
				F622CA441FBDC447008920BC /* ProductsManager.swift */,
			);
			path = CollectionViewBase;
			sourceTree = "<group>";
		};
		F69EECE51FA3B18700F497F1 /* UI */ = {
			isa = PBXGroup;
			children = (
				F63410071FA8F7B800D46222 /* SlideMenu */,
				F68E615C1FA8B69C0046E5BC /* CollectionViewBase */,
				F636A1881FA76B2A00DCDCFA /* ProductDetails */,
				F6863C821FA767CB00A5F6D2 /* Following Inventory */,
				F6863C7F1FA7678500A5F6D2 /* Feedback */,
				F6863C7C1FA7628100A5F6D2 /* Messages */,
				F69EECE61FA3B18700F497F1 /* HomeScreen */,
				F69EECE71FA3B18700F497F1 /* LoginScreen */,
			);
			path = UI;
			sourceTree = "<group>";
		};
		F69EECE61FA3B18700F497F1 /* HomeScreen */ = {
			isa = PBXGroup;
			children = (
				F69EECE81FA3B1B200F497F1 /* HomeViewController.swift */,
			);
			path = HomeScreen;
			sourceTree = "<group>";
		};
		F69EECE71FA3B18700F497F1 /* LoginScreen */ = {
			isa = PBXGroup;
			children = (
				F63F91C51FA360C80083A4A8 /* LoginViewController.swift */,
			);
			path = LoginScreen;
			sourceTree = "<group>";
		};
/* End PBXGroup section */

/* Begin PBXNativeTarget section */
		F63F91BF1FA360C80083A4A8 /* cellpex */ = {
			isa = PBXNativeTarget;
			buildConfigurationList = F63F91D21FA360C80083A4A8 /* Build configuration list for PBXNativeTarget "cellpex" */;
			buildPhases = (
				CAE3C887C7EAE9EE42F4D7D3 /* [CP] Check Pods Manifest.lock */,
				F63F91BC1FA360C80083A4A8 /* Sources */,
				F63F91BD1FA360C80083A4A8 /* Frameworks */,
				F63F91BE1FA360C80083A4A8 /* Resources */,
				95175C5E00101F4EA3ACEBE4 /* [CP] Embed Pods Frameworks */,
				10EC98E47DD59637E1028E89 /* [CP] Copy Pods Resources */,
			);
			buildRules = (
			);
			dependencies = (
			);
			name = cellpex;
			productName = cellpex;
			productReference = F63F91C01FA360C80083A4A8 /* cellpex.app */;
			productType = "com.apple.product-type.application";
		};
/* End PBXNativeTarget section */

/* Begin PBXProject section */
		F63F91B81FA360C80083A4A8 /* Project object */ = {
			isa = PBXProject;
			attributes = {
				LastSwiftUpdateCheck = 0900;
				LastUpgradeCheck = 0900;
				ORGANIZATIONNAME = "Ciprian Iloc";
				TargetAttributes = {
					F63F91BF1FA360C80083A4A8 = {
						CreatedOnToolsVersion = 9.0.1;
						ProvisioningStyle = Automatic;
					};
				};
			};
			buildConfigurationList = F63F91BB1FA360C80083A4A8 /* Build configuration list for PBXProject "cellpex" */;
			compatibilityVersion = "Xcode 8.0";
			developmentRegion = en;
			hasScannedForEncodings = 0;
			knownRegions = (
				en,
				Base,
			);
			mainGroup = F63F91B71FA360C80083A4A8;
			productRefGroup = F63F91C11FA360C80083A4A8 /* Products */;
			projectDirPath = "";
			projectRoot = "";
			targets = (
				F63F91BF1FA360C80083A4A8 /* cellpex */,
			);
		};
/* End PBXProject section */

/* Begin PBXResourcesBuildPhase section */
		F63F91BE1FA360C80083A4A8 /* Resources */ = {
			isa = PBXResourcesBuildPhase;
			buildActionMask = 2147483647;
			files = (
				F63F91CE1FA360C80083A4A8 /* LaunchScreen.storyboard in Resources */,
				F63F91CB1FA360C80083A4A8 /* Assets.xcassets in Resources */,
				F63F91C91FA360C80083A4A8 /* Main.storyboard in Resources */,
				F634100B1FA8F83800D46222 /* RefreshFooterView.xib in Resources */,
				F69EECEB1FA3B1DA00F497F1 /* Home.storyboard in Resources */,
			);
			runOnlyForDeploymentPostprocessing = 0;
		};
/* End PBXResourcesBuildPhase section */

/* Begin PBXShellScriptBuildPhase section */
		10EC98E47DD59637E1028E89 /* [CP] Copy Pods Resources */ = {
			isa = PBXShellScriptBuildPhase;
			buildActionMask = 2147483647;
			files = (
			);
			inputPaths = (
			);
			name = "[CP] Copy Pods Resources";
			outputPaths = (
			);
			runOnlyForDeploymentPostprocessing = 0;
			shellPath = /bin/sh;
			shellScript = "\"${SRCROOT}/Pods/Target Support Files/Pods-cellpex/Pods-cellpex-resources.sh\"\n";
			showEnvVarsInLog = 0;
		};
		95175C5E00101F4EA3ACEBE4 /* [CP] Embed Pods Frameworks */ = {
			isa = PBXShellScriptBuildPhase;
			buildActionMask = 2147483647;
			files = (
			);
			inputPaths = (
			);
			name = "[CP] Embed Pods Frameworks";
			outputPaths = (
			);
			runOnlyForDeploymentPostprocessing = 0;
			shellPath = /bin/sh;
			shellScript = "\"${SRCROOT}/Pods/Target Support Files/Pods-cellpex/Pods-cellpex-frameworks.sh\"\n";
			showEnvVarsInLog = 0;
		};
		CAE3C887C7EAE9EE42F4D7D3 /* [CP] Check Pods Manifest.lock */ = {
			isa = PBXShellScriptBuildPhase;
			buildActionMask = 2147483647;
			files = (
			);
			inputPaths = (
			);
			name = "[CP] Check Pods Manifest.lock";
			outputPaths = (
			);
			runOnlyForDeploymentPostprocessing = 0;
			shellPath = /bin/sh;
			shellScript = "diff \"${PODS_ROOT}/../Podfile.lock\" \"${PODS_ROOT}/Manifest.lock\" > /dev/null\nif [ $? != 0 ] ; then\n    # print error to STDERR\n    echo \"error: The sandbox is not in sync with the Podfile.lock. Run 'pod install' or update your CocoaPods installation.\" >&2\n    exit 1\nfi\n";
			showEnvVarsInLog = 0;
		};
/* End PBXShellScriptBuildPhase section */

/* Begin PBXSourcesBuildPhase section */
		F63F91BC1FA360C80083A4A8 /* Sources */ = {
			isa = PBXSourcesBuildPhase;
			buildActionMask = 2147483647;
			files = (
				F6FAC25F1FB886A900D9F95B /* ProductDetailsLayout.swift in Sources */,
				F6863C7E1FA7629600A5F6D2 /* MessagesViewController.swift in Sources */,
				F6272DF41FBC814A007F0B22 /* ProductDetailsModel.swift in Sources */,
				F63410111FA9135B00D46222 /* PaddedTextField.swift in Sources */,
				F634100F1FA9030900D46222 /* Constants.swift in Sources */,
				F6863C781FA7341700A5F6D2 /* UIApplication.swift in Sources */,
				F6863C811FA767A500A5F6D2 /* FeedbackViewController.swift in Sources */,
				F63F91C61FA360C80083A4A8 /* LoginViewController.swift in Sources */,
				F6863C7A1FA752DB00A5F6D2 /* LeftMenuCell.swift in Sources */,
				F658B9A31FBB823A00E92FCD /* UserModel.swift in Sources */,
				F63F91C41FA360C80083A4A8 /* AppDelegate.swift in Sources */,
				F634100C1FA8F83800D46222 /* RefreshFooterView.swift in Sources */,
				F6863C751FA733A600A5F6D2 /* ExSlideMenuController.swift in Sources */,
				F636A18F1FA7778900DCDCFA /* LeftMenuModel.swift in Sources */,
				F69EECED1FA4557700F497F1 /* ProductCollectionViewCell.swift in Sources */,
				F658B9A51FBB8CA800E92FCD /* SessionManager.swift in Sources */,
				F622CA451FBDC447008920BC /* ProductsManager.swift in Sources */,
				F6660A051FACC63400116A8F /* NetworkManager.swift in Sources */,
				F69EECE91FA3B1B200F497F1 /* HomeViewController.swift in Sources */,
				F68E615E1FA8B6B70046E5BC /* ListOfProductsViewController.swift in Sources */,
				F63410131FAA54BF00D46222 /* MessageViewController.swift in Sources */,
				F67183751FBC40DA005A053D /* ProductModel.swift in Sources */,
				F66D648F1FB326AF0070775F /* MessageModel.swift in Sources */,
				F636A18A1FA76B4200DCDCFA /* ProductDetailsViewController.swift in Sources */,
				F6863C6A1FA717AF00A5F6D2 /* SlideMenuController.swift in Sources */,
				F6863C681FA7163200A5F6D2 /* LeftMenuViewController.swift in Sources */,
				F6863C841FA767D900A5F6D2 /* FollowingInventoryViewController.swift in Sources */,
			);
			runOnlyForDeploymentPostprocessing = 0;
		};
/* End PBXSourcesBuildPhase section */

/* Begin PBXVariantGroup section */
		F63F91C71FA360C80083A4A8 /* Main.storyboard */ = {
			isa = PBXVariantGroup;
			children = (
				F63F91C81FA360C80083A4A8 /* Base */,
			);
			name = Main.storyboard;
			sourceTree = "<group>";
		};
		F63F91CC1FA360C80083A4A8 /* LaunchScreen.storyboard */ = {
			isa = PBXVariantGroup;
			children = (
				F63F91CD1FA360C80083A4A8 /* Base */,
			);
			name = LaunchScreen.storyboard;
			sourceTree = "<group>";
		};
/* End PBXVariantGroup section */

/* Begin XCBuildConfiguration section */
		F63F91D01FA360C80083A4A8 /* Debug */ = {
			isa = XCBuildConfiguration;
			buildSettings = {
				ALWAYS_SEARCH_USER_PATHS = NO;
				CLANG_ANALYZER_NONNULL = YES;
				CLANG_ANALYZER_NUMBER_OBJECT_CONVERSION = YES_AGGRESSIVE;
				CLANG_CXX_LANGUAGE_STANDARD = "gnu++14";
				CLANG_CXX_LIBRARY = "libc++";
				CLANG_ENABLE_MODULES = YES;
				CLANG_ENABLE_OBJC_ARC = YES;
				CLANG_WARN_BLOCK_CAPTURE_AUTORELEASING = YES;
				CLANG_WARN_BOOL_CONVERSION = YES;
				CLANG_WARN_COMMA = YES;
				CLANG_WARN_CONSTANT_CONVERSION = YES;
				CLANG_WARN_DIRECT_OBJC_ISA_USAGE = YES_ERROR;
				CLANG_WARN_DOCUMENTATION_COMMENTS = YES;
				CLANG_WARN_EMPTY_BODY = YES;
				CLANG_WARN_ENUM_CONVERSION = YES;
				CLANG_WARN_INFINITE_RECURSION = YES;
				CLANG_WARN_INT_CONVERSION = YES;
				CLANG_WARN_NON_LITERAL_NULL_CONVERSION = YES;
				CLANG_WARN_OBJC_LITERAL_CONVERSION = YES;
				CLANG_WARN_OBJC_ROOT_CLASS = YES_ERROR;
				CLANG_WARN_RANGE_LOOP_ANALYSIS = YES;
				CLANG_WARN_STRICT_PROTOTYPES = YES;
				CLANG_WARN_SUSPICIOUS_MOVE = YES;
				CLANG_WARN_UNGUARDED_AVAILABILITY = YES_AGGRESSIVE;
				CLANG_WARN_UNREACHABLE_CODE = YES;
				CLANG_WARN__DUPLICATE_METHOD_MATCH = YES;
				CODE_SIGN_IDENTITY = "iPhone Developer";
				COPY_PHASE_STRIP = NO;
				DEBUG_INFORMATION_FORMAT = dwarf;
				ENABLE_STRICT_OBJC_MSGSEND = YES;
				ENABLE_TESTABILITY = YES;
				GCC_C_LANGUAGE_STANDARD = gnu11;
				GCC_DYNAMIC_NO_PIC = NO;
				GCC_NO_COMMON_BLOCKS = YES;
				GCC_OPTIMIZATION_LEVEL = 0;
				GCC_PREPROCESSOR_DEFINITIONS = (
					"DEBUG=1",
					"$(inherited)",
				);
				GCC_WARN_64_TO_32_BIT_CONVERSION = YES;
				GCC_WARN_ABOUT_RETURN_TYPE = YES_ERROR;
				GCC_WARN_UNDECLARED_SELECTOR = YES;
				GCC_WARN_UNINITIALIZED_AUTOS = YES_AGGRESSIVE;
				GCC_WARN_UNUSED_FUNCTION = YES;
				GCC_WARN_UNUSED_VARIABLE = YES;
				IPHONEOS_DEPLOYMENT_TARGET = 11.0;
				MTL_ENABLE_DEBUG_INFO = YES;
				ONLY_ACTIVE_ARCH = YES;
				SDKROOT = iphoneos;
				SWIFT_ACTIVE_COMPILATION_CONDITIONS = DEBUG;
				SWIFT_OPTIMIZATION_LEVEL = "-Onone";
			};
			name = Debug;
		};
		F63F91D11FA360C80083A4A8 /* Release */ = {
			isa = XCBuildConfiguration;
			buildSettings = {
				ALWAYS_SEARCH_USER_PATHS = NO;
				CLANG_ANALYZER_NONNULL = YES;
				CLANG_ANALYZER_NUMBER_OBJECT_CONVERSION = YES_AGGRESSIVE;
				CLANG_CXX_LANGUAGE_STANDARD = "gnu++14";
				CLANG_CXX_LIBRARY = "libc++";
				CLANG_ENABLE_MODULES = YES;
				CLANG_ENABLE_OBJC_ARC = YES;
				CLANG_WARN_BLOCK_CAPTURE_AUTORELEASING = YES;
				CLANG_WARN_BOOL_CONVERSION = YES;
				CLANG_WARN_COMMA = YES;
				CLANG_WARN_CONSTANT_CONVERSION = YES;
				CLANG_WARN_DIRECT_OBJC_ISA_USAGE = YES_ERROR;
				CLANG_WARN_DOCUMENTATION_COMMENTS = YES;
				CLANG_WARN_EMPTY_BODY = YES;
				CLANG_WARN_ENUM_CONVERSION = YES;
				CLANG_WARN_INFINITE_RECURSION = YES;
				CLANG_WARN_INT_CONVERSION = YES;
				CLANG_WARN_NON_LITERAL_NULL_CONVERSION = YES;
				CLANG_WARN_OBJC_LITERAL_CONVERSION = YES;
				CLANG_WARN_OBJC_ROOT_CLASS = YES_ERROR;
				CLANG_WARN_RANGE_LOOP_ANALYSIS = YES;
				CLANG_WARN_STRICT_PROTOTYPES = YES;
				CLANG_WARN_SUSPICIOUS_MOVE = YES;
				CLANG_WARN_UNGUARDED_AVAILABILITY = YES_AGGRESSIVE;
				CLANG_WARN_UNREACHABLE_CODE = YES;
				CLANG_WARN__DUPLICATE_METHOD_MATCH = YES;
				CODE_SIGN_IDENTITY = "iPhone Developer";
				COPY_PHASE_STRIP = NO;
				DEBUG_INFORMATION_FORMAT = "dwarf-with-dsym";
				ENABLE_NS_ASSERTIONS = NO;
				ENABLE_STRICT_OBJC_MSGSEND = YES;
				GCC_C_LANGUAGE_STANDARD = gnu11;
				GCC_NO_COMMON_BLOCKS = YES;
				GCC_WARN_64_TO_32_BIT_CONVERSION = YES;
				GCC_WARN_ABOUT_RETURN_TYPE = YES_ERROR;
				GCC_WARN_UNDECLARED_SELECTOR = YES;
				GCC_WARN_UNINITIALIZED_AUTOS = YES_AGGRESSIVE;
				GCC_WARN_UNUSED_FUNCTION = YES;
				GCC_WARN_UNUSED_VARIABLE = YES;
				IPHONEOS_DEPLOYMENT_TARGET = 11.0;
				MTL_ENABLE_DEBUG_INFO = NO;
				SDKROOT = iphoneos;
				SWIFT_OPTIMIZATION_LEVEL = "-Owholemodule";
				VALIDATE_PRODUCT = YES;
			};
			name = Release;
		};
		F63F91D31FA360C80083A4A8 /* Debug */ = {
			isa = XCBuildConfiguration;
			baseConfigurationReference = 5D5CB441E4733E3FD3D3C44C /* Pods-cellpex.debug.xcconfig */;
			buildSettings = {
				ASSETCATALOG_COMPILER_APPICON_NAME = AppIcon;
				CODE_SIGN_STYLE = Automatic;
				INFOPLIST_FILE = cellpex/Info.plist;
				LD_RUNPATH_SEARCH_PATHS = "$(inherited) @executable_path/Frameworks";
				PRODUCT_BUNDLE_IDENTIFIER = com.cellpex.cellpex.cellpex;
				PRODUCT_NAME = "$(TARGET_NAME)";
				SWIFT_VERSION = 4.0;
				TARGETED_DEVICE_FAMILY = "1,2";
			};
			name = Debug;
		};
		F63F91D41FA360C80083A4A8 /* Release */ = {
			isa = XCBuildConfiguration;
			baseConfigurationReference = 9E95EA33004CC2B8BAC80ADA /* Pods-cellpex.release.xcconfig */;
			buildSettings = {
				ASSETCATALOG_COMPILER_APPICON_NAME = AppIcon;
				CODE_SIGN_STYLE = Automatic;
				INFOPLIST_FILE = cellpex/Info.plist;
				LD_RUNPATH_SEARCH_PATHS = "$(inherited) @executable_path/Frameworks";
				PRODUCT_BUNDLE_IDENTIFIER = com.cellpex.cellpex.cellpex;
				PRODUCT_NAME = "$(TARGET_NAME)";
				SWIFT_VERSION = 4.0;
				TARGETED_DEVICE_FAMILY = "1,2";
			};
			name = Release;
		};
/* End XCBuildConfiguration section */

/* Begin XCConfigurationList section */
		F63F91BB1FA360C80083A4A8 /* Build configuration list for PBXProject "cellpex" */ = {
			isa = XCConfigurationList;
			buildConfigurations = (
				F63F91D01FA360C80083A4A8 /* Debug */,
				F63F91D11FA360C80083A4A8 /* Release */,
			);
			defaultConfigurationIsVisible = 0;
			defaultConfigurationName = Release;
		};
		F63F91D21FA360C80083A4A8 /* Build configuration list for PBXNativeTarget "cellpex" */ = {
			isa = XCConfigurationList;
			buildConfigurations = (
				F63F91D31FA360C80083A4A8 /* Debug */,
				F63F91D41FA360C80083A4A8 /* Release */,
			);
			defaultConfigurationIsVisible = 0;
			defaultConfigurationName = Release;
		};
/* End XCConfigurationList section */
	};
	rootObject = F63F91B81FA360C80083A4A8 /* Project object */;
}
